{
  "name": "vscode-wasm-typescript",
  "version": "0.1.0",
  "lockfileVersion": 2,
  "requires": true,
  "packages": {
    "": {
      "name": "vscode-wasm-typescript",
      "version": "0.1.0",
      "license": "MIT",
      "dependencies": {
        "@vscode/sync-api-client": "^0.2.0",
        "@vscode/sync-api-common": "^0.2.0",
        "@vscode/sync-api-service": "^0.2.0",
        "typescript": "^4.8.2",
        "vscode-uri": "^3.0.3"
      }
    },
    "node_modules/@vscode/sync-api-client": {
      "version": "0.2.0",
      "resolved": "https://registry.npmjs.org/@vscode/sync-api-client/-/sync-api-client-0.2.0.tgz",
      "integrity": "sha512-T7CY4qom0r8M/rlPtxxMzCKqLQ5p1/1yB10E9hHYQkSb2nsvnkeYaA2yoULPSH0B9GdFnDsk8dexPnZKTv/Tuw==",
      "dependencies": {
        "@vscode/sync-api-common": "0.2.0",
        "vscode-uri": "3.0.3"
      },
      "engines": {
        "node": ">=16.15.1"
      }
    },
    "node_modules/@vscode/sync-api-common": {
      "version": "0.2.0",
      "resolved": "https://registry.npmjs.org/@vscode/sync-api-common/-/sync-api-common-0.2.0.tgz",
      "integrity": "sha512-LDR61SuAla4+KuM17wF/6fcRbxK5k15H244nF+r719joMTXLRtow7wXZP8OvbDIiw9H7xVAACFqE3XOAMExaUg==",
      "engines": {
        "node": ">=16.15.1"
      }
    },
    "node_modules/@vscode/sync-api-service": {
      "version": "0.2.0",
      "resolved": "https://registry.npmjs.org/@vscode/sync-api-service/-/sync-api-service-0.2.0.tgz",
      "integrity": "sha512-O34szvmhCfu4veiIW/DjZEO0gNoTBDkpa8APAC0A8t1nkzFABm+PCkA3mXGMI4jGmRhXv8dlZSzDPGrJ29cNmg==",
      "dependencies": {
        "@vscode/sync-api-common": "0.2.0",
        "vscode-uri": "3.0.3"
      },
      "engines": {
        "node": ">=16.15.1",
        "vscode": "^1.67.0"
      }
    },
    "node_modules/typescript": {
      "version": "4.8.2",
      "resolved": "https://registry.npmjs.org/typescript/-/typescript-4.8.2.tgz",
      "integrity": "sha512-C0I1UsrrDHo2fYI5oaCGbSejwX4ch+9Y5jTQELvovfmFkK3HHSZJB8MSJcWLmCUBzQBchCrZ9rMRV6GuNrvGtw==",
      "bin": {
        "tsc": "bin/tsc",
        "tsserver": "bin/tsserver"
      },
      "engines": {
        "node": ">=4.2.0"
      }
    },
    "node_modules/vscode-uri": {
      "version": "3.0.3",
      "resolved": "https://registry.npmjs.org/vscode-uri/-/vscode-uri-3.0.3.tgz",
      "integrity": "sha512-EcswR2S8bpR7fD0YPeS7r2xXExrScVMxg4MedACaWHEtx9ftCF/qHG1xGkolzTPcEmjTavCQgbVzHUIdTMzFGA=="
    }
  },
  "dependencies": {
    "@vscode/sync-api-client": {
      "version": "0.2.0",
      "resolved": "https://registry.npmjs.org/@vscode/sync-api-client/-/sync-api-client-0.2.0.tgz",
      "integrity": "sha512-T7CY4qom0r8M/rlPtxxMzCKqLQ5p1/1yB10E9hHYQkSb2nsvnkeYaA2yoULPSH0B9GdFnDsk8dexPnZKTv/Tuw==",
      "requires": {
        "@vscode/sync-api-common": "0.2.0",
        "vscode-uri": "3.0.3"
      }
    },
    "@vscode/sync-api-common": {
      "version": "0.2.0",
      "resolved": "https://registry.npmjs.org/@vscode/sync-api-common/-/sync-api-common-0.2.0.tgz",
      "integrity": "sha512-LDR61SuAla4+KuM17wF/6fcRbxK5k15H244nF+r719joMTXLRtow7wXZP8OvbDIiw9H7xVAACFqE3XOAMExaUg=="
    },
    "@vscode/sync-api-service": {
      "version": "0.2.0",
      "resolved": "https://registry.npmjs.org/@vscode/sync-api-service/-/sync-api-service-0.2.0.tgz",
      "integrity": "sha512-O34szvmhCfu4veiIW/DjZEO0gNoTBDkpa8APAC0A8t1nkzFABm+PCkA3mXGMI4jGmRhXv8dlZSzDPGrJ29cNmg==",
      "requires": {
        "@vscode/sync-api-common": "0.2.0",
        "vscode-uri": "3.0.3"
      }
    },
    "typescript": {
      "version": "4.8.2",
      "resolved": "https://registry.npmjs.org/typescript/-/typescript-4.8.2.tgz",
      "integrity": "sha512-C0I1UsrrDHo2fYI5oaCGbSejwX4ch+9Y5jTQELvovfmFkK3HHSZJB8MSJcWLmCUBzQBchCrZ9rMRV6GuNrvGtw=="
    },
    "vscode-uri": {
      "version": "3.0.3",
      "resolved": "https://registry.npmjs.org/vscode-uri/-/vscode-uri-3.0.3.tgz",
      "integrity": "sha512-EcswR2S8bpR7fD0YPeS7r2xXExrScVMxg4MedACaWHEtx9ftCF/qHG1xGkolzTPcEmjTavCQgbVzHUIdTMzFGA=="
    }
  }
}
