{
  "name": "vscode-wasm-typescript",
  "version": "0.1.3",
  "lockfileVersion": 2,
  "requires": true,
  "packages": {
    "": {
      "version": "0.1.3",
      "license": "MIT",
      "dependencies": {
        "@vscode/sync-api-client": "^0.7.2",
        "@vscode/sync-api-common": "^0.7.2",
        "@vscode/sync-api-service": "^0.7.3",
        "typescript": "^4.9.0-dev.20221021",
        "vscode-uri": "^3.0.3"
      }
    },
    "node_modules/@vscode/sync-api-client": {
      "version": "0.7.2",
      "resolved": "https://registry.npmjs.org/@vscode/sync-api-client/-/sync-api-client-0.7.2.tgz",
      "integrity": "sha512-HQHz57RVKmR8sTEen1Y/T3r6mzDX7IaUJz/O2RJkn0Qu9ThvCsakLP0N+1iiwPnPfUfmNSwQXbSw8bEQFPcpYQ==",
      "dependencies": {
        "@vscode/sync-api-common": "0.7.2",
        "vscode-uri": "3.0.3"
      },
      "engines": {
        "node": ">=16.15.1"
      }
    },
    "node_modules/@vscode/sync-api-common": {
      "version": "0.7.2",
      "resolved": "https://registry.npmjs.org/@vscode/sync-api-common/-/sync-api-common-0.7.2.tgz",
      "integrity": "sha512-ne1XEeDIYA3mp4oo1QoF1fqFedd0Vf4ybMmLb9HixbTyXy/qwMNL2p6OjXjOsmx6w2q9eqzGA5W/OPRSJxTTIQ==",
      "engines": {
        "node": ">=16.15.1"
      }
    },
    "node_modules/@vscode/sync-api-service": {
      "version": "0.7.3",
      "resolved": "https://registry.npmjs.org/@vscode/sync-api-service/-/sync-api-service-0.7.3.tgz",
      "integrity": "sha512-m2AmmfG4uzfjLMgWRHQ3xnBkdwCiUTO68vdw1XuzMsOb39Jwm9xr5bVVxwOFR9lPC0FfO1H6FUxBhZQvg7itPA==",
      "dependencies": {
        "@vscode/sync-api-common": "0.7.2",
        "vscode-uri": "3.0.3"
      },
      "engines": {
        "node": ">=16.15.1",
        "vscode": "^1.67.0"
      }
    },
    "node_modules/typescript": {
      "version": "4.9.0-dev.20221021",
      "resolved": "https://registry.npmjs.org/typescript/-/typescript-4.9.0-dev.20221021.tgz",
      "integrity": "sha512-mtZjgf8EniRs+UtP08fC7kqPgjskImiUXAi19X4eSUfn0HHRBXx0cKnE+mjjNKkQ5R1zC5/hXYWhXheXn+WR1A==",
      "bin": {
        "tsc": "bin/tsc",
        "tsserver": "bin/tsserver"
      },
      "engines": {
        "node": ">=4.2.0"
      }
    },
    "node_modules/vscode-uri": {
      "version": "3.0.3",
      "resolved": "https://registry.npmjs.org/vscode-uri/-/vscode-uri-3.0.3.tgz",
      "integrity": "sha512-EcswR2S8bpR7fD0YPeS7r2xXExrScVMxg4MedACaWHEtx9ftCF/qHG1xGkolzTPcEmjTavCQgbVzHUIdTMzFGA=="
    }
  },
  "dependencies": {
    "@vscode/sync-api-client": {
      "version": "0.7.2",
      "resolved": "https://registry.npmjs.org/@vscode/sync-api-client/-/sync-api-client-0.7.2.tgz",
      "integrity": "sha512-HQHz57RVKmR8sTEen1Y/T3r6mzDX7IaUJz/O2RJkn0Qu9ThvCsakLP0N+1iiwPnPfUfmNSwQXbSw8bEQFPcpYQ==",
      "requires": {
        "@vscode/sync-api-common": "0.7.2",
        "vscode-uri": "3.0.3"
      }
    },
    "@vscode/sync-api-common": {
      "version": "0.7.2",
      "resolved": "https://registry.npmjs.org/@vscode/sync-api-common/-/sync-api-common-0.7.2.tgz",
      "integrity": "sha512-ne1XEeDIYA3mp4oo1QoF1fqFedd0Vf4ybMmLb9HixbTyXy/qwMNL2p6OjXjOsmx6w2q9eqzGA5W/OPRSJxTTIQ=="
    },
    "@vscode/sync-api-service": {
      "version": "0.7.3",
      "resolved": "https://registry.npmjs.org/@vscode/sync-api-service/-/sync-api-service-0.7.3.tgz",
      "integrity": "sha512-m2AmmfG4uzfjLMgWRHQ3xnBkdwCiUTO68vdw1XuzMsOb39Jwm9xr5bVVxwOFR9lPC0FfO1H6FUxBhZQvg7itPA==",
      "requires": {
        "@vscode/sync-api-common": "0.7.2",
        "vscode-uri": "3.0.3"
      }
    },
    "typescript": {
      "version": "4.9.0-dev.20221021",
      "resolved": "https://registry.npmjs.org/typescript/-/typescript-4.9.0-dev.20221021.tgz",
      "integrity": "sha512-mtZjgf8EniRs+UtP08fC7kqPgjskImiUXAi19X4eSUfn0HHRBXx0cKnE+mjjNKkQ5R1zC5/hXYWhXheXn+WR1A=="
    },
    "vscode-uri": {
      "version": "3.0.3",
      "resolved": "https://registry.npmjs.org/vscode-uri/-/vscode-uri-3.0.3.tgz",
      "integrity": "sha512-EcswR2S8bpR7fD0YPeS7r2xXExrScVMxg4MedACaWHEtx9ftCF/qHG1xGkolzTPcEmjTavCQgbVzHUIdTMzFGA=="
    }
  }
}
